
Microsoft Visual Studio Solution File, Format Version 12.00
# Visual Studio 15
VisualStudioVersion = 15.0.27130.2010
MinimumVisualStudioVersion = 10.0.40219.1
Project("{FAE04EC0-301F-11D3-BF4B-00C04F79EFBC}") = "DemoJQuery", "DemoJQuery\DemoJQuery.csproj", "{897AFBEF-3BF6-4FD6-859A-65F1C76ED79B}"
EndProject
Global
	GlobalSection(SolutionConfigurationPlatforms) = preSolution
		Debug|Any CPU = Debug|Any CPU
		Release|Any CPU = Release|Any CPU
	EndGlobalSection
	GlobalSection(ProjectConfigurationPlatforms) = postSolution
		{897AFBEF-3BF6-4FD6-859A-65F1C76ED79B}.Debug|Any CPU.ActiveCfg = Debug|Any CPU
		{897AFBEF-3BF6-4FD6-859A-65F1C76ED79B}.Debug|Any CPU.Build.0 = Debug|Any CPU
		{897AFBEF-3BF6-4FD6-859A-65F1C76ED79B}.Release|Any CPU.ActiveCfg = Release|Any CPU
		{897AFBEF-3BF6-4FD6-859A-65F1C76ED79B}.Release|Any CPU.Build.0 = Release|Any CPU
	EndGlobalSection
	GlobalSection(SolutionProperties) = preSolution
		HideSolutionNode = FALSE
	EndGlobalSection
	GlobalSection(ExtensibilityGlobals) = postSolution
		SolutionGuid = {442169C7-E993-4A11-B034-EA309AD5F8C8}
	EndGlobalSection
EndGlobal
